<?xml version="1.0" encoding="utf-8"?>
<Project ToolsVersion="4.0" xmlns="http://schemas.microsoft.com/developer/msbuild/2003">
  <ItemGroup>
    <Filter Include="inlcude">
      <UniqueIdentifier>{dd7601d1-5d83-4d42-a34b-386ddd91e078}</UniqueIdentifier>
    </Filter>
    <Filter Include="src">
      <UniqueIdentifier>{4d9251f7-6495-496c-927a-7fdb085360cc}</UniqueIdentifier>
    </Filter>
  </ItemGroup>
  <ItemGroup>
    <ClInclude Include="include\nucleus.hpp">
      <Filter>inlcude</Filter>
    </ClInclude>
    <ClInclude Include="include\common.hpp">
      <Filter>inlcude</Filter>
    </ClInclude>
    <ClInclude Include="include\global_funcs.h">
      <Filter>inlcude</Filter>
    </ClInclude>
    <ClInclude Include="include\sci_const.cuh">
      <Filter>inlcude</Filter>
    </ClInclude>
  </ItemGroup>
  <ItemGroup>
    <ClCompile Include="src\PrintStruct.cpp">
      <Filter>src</Filter>
    </ClCompile>
    <ClCompile Include="main.cpp" />
    <ClCompile Include="include\device_compute_funcs.cuh">
      <Filter>inlcude</Filter>
    </ClCompile>
  </ItemGroup>
  <ItemGroup>
    <CudaCompile Include="src\global_funcs.cu">
      <Filter>src</Filter>
    </CudaCompile>
    <CudaCompile Include="src\device_compute_funcs.cu">
      <Filter>src</Filter>
    </CudaCompile>
  </ItemGroup>
</Project>